
Microsoft Visual Studio Solution File, Format Version 12.00
# Visual Studio Version 16
VisualStudioVersion = 16.0.29230.47
MinimumVisualStudioVersion = 10.0.40219.1
Project("{FAE04EC0-301F-11D3-BF4B-00C04F79EFBC}") = "MessengerDataVisualizer", "MessengerDataVisualizer.csproj", "{7B4347C0-55AD-4A71-8FF9-BDB1BBD2D62C}"
EndProject
Global
	GlobalSection(SolutionConfigurationPlatforms) = preSolution
		Debug|Any CPU = Debug|Any CPU
		Release|Any CPU = Release|Any CPU
	EndGlobalSection
	GlobalSection(ProjectConfigurationPlatforms) = postSolution
		{7B4347C0-55AD-4A71-8FF9-BDB1BBD2D62C}.Debug|Any CPU.ActiveCfg = Debug|Any CPU
		{7B4347C0-55AD-4A71-8FF9-BDB1BBD2D62C}.Debug|Any CPU.Build.0 = Debug|Any CPU
		{7B4347C0-55AD-4A71-8FF9-BDB1BBD2D62C}.Release|Any CPU.ActiveCfg = Release|Any CPU
		{7B4347C0-55AD-4A71-8FF9-BDB1BBD2D62C}.Release|Any CPU.Build.0 = Release|Any CPU
	EndGlobalSection
	GlobalSection(SolutionProperties) = preSolution
		HideSolutionNode = FALSE
	EndGlobalSection
	GlobalSection(ExtensibilityGlobals) = postSolution
		SolutionGuid = {317F3102-8186-4325-B17E-AE47D2DB0FD7}
	EndGlobalSection
EndGlobal
